
Microsoft Visual Studio Solution File, Format Version 12.00
# Visual Studio Version 17
VisualStudioVersion = 17.11.35327.3
MinimumVisualStudioVersion = 10.0.40219.1
Project("{FAE04EC0-301F-11D3-BF4B-00C04F79EFBC}") = "QuadEquationCalc", "QuadEquationCalc\QuadEquationCalc.csproj", "{427B9BED-9547-469B-A027-89B8E32481FD}"
EndProject
Project("{FAE04EC0-301F-11D3-BF4B-00C04F79EFBC}") = "QuadEquationCalc.UnitTests", "QuadEquationCalc.UnitTests\QuadEquationCalc.UnitTests.csproj", "{9D750C25-8376-4F63-8291-AFC20F4C8347}"
EndProject
Global
	GlobalSection(SolutionConfigurationPlatforms) = preSolution
		Debug|Any CPU = Debug|Any CPU
		Release|Any CPU = Release|Any CPU
	EndGlobalSection
	GlobalSection(ProjectConfigurationPlatforms) = postSolution
		{427B9BED-9547-469B-A027-89B8E32481FD}.Debug|Any CPU.ActiveCfg = Debug|Any CPU
		{427B9BED-9547-469B-A027-89B8E32481FD}.Debug|Any CPU.Build.0 = Debug|Any CPU
		{427B9BED-9547-469B-A027-89B8E32481FD}.Release|Any CPU.ActiveCfg = Release|Any CPU
		{427B9BED-9547-469B-A027-89B8E32481FD}.Release|Any CPU.Build.0 = Release|Any CPU
		{9D750C25-8376-4F63-8291-AFC20F4C8347}.Debug|Any CPU.ActiveCfg = Debug|Any CPU
		{9D750C25-8376-4F63-8291-AFC20F4C8347}.Debug|Any CPU.Build.0 = Debug|Any CPU
		{9D750C25-8376-4F63-8291-AFC20F4C8347}.Release|Any CPU.ActiveCfg = Release|Any CPU
		{9D750C25-8376-4F63-8291-AFC20F4C8347}.Release|Any CPU.Build.0 = Release|Any CPU
	EndGlobalSection
	GlobalSection(SolutionProperties) = preSolution
		HideSolutionNode = FALSE
	EndGlobalSection
	GlobalSection(ExtensibilityGlobals) = postSolution
		SolutionGuid = {E6C804D2-3E97-4978-9A88-6AE38AA9DB1A}
	EndGlobalSection
EndGlobal
